<?xml version="1.0" encoding="utf-8"?>
<Project ToolsVersion="4.0" xmlns="http://schemas.microsoft.com/developer/msbuild/2003">
  <ItemGroup>
    <Filter Include="UnityPlugin">
      <UniqueIdentifier>{1b0692a6-7c13-446c-9273-32b70787503c}</UniqueIdentifier>
    </Filter>
    <Filter Include="UnityPlugin">
      <UniqueIdentifier>{504aef1c-2551-4db7-be8f-935674b7a88d}</UniqueIdentifier>
    </Filter>
    <Filter Include="GL_GLEW">
      <UniqueIdentifier>{e3eaf86c-8ff3-430b-88e1-04f00d9a186f}</UniqueIdentifier>
    </Filter>
    <Filter Include="NvSdiApi">
      <UniqueIdentifier>{026fe07d-f9fe-4250-a318-c019f543ed03}</UniqueIdentifier>
    </Filter>
    <Filter Include="NvSdiApi\Source Files">
      <UniqueIdentifier>{f88f87b7-73c1-4c81-a8ae-9fd3b8a1f8af}</UniqueIdentifier>
    </Filter>
    <Filter Include="NvSdiApi\Header Files">
      <UniqueIdentifier>{7313d4d0-9aa4-4f03-9fd7-b7d3466def7a}</UniqueIdentifier>
    </Filter>
    <Filter Include="GLCommon">
      <UniqueIdentifier>{6dc0f253-fd8b-49d9-a345-bff1e3d6b506}</UniqueIdentifier>
    </Filter>
    <Filter Include="GLCommon\Header Files">
      <UniqueIdentifier>{91af63e2-f032-4191-9083-f6f6f2dbe5c4}</UniqueIdentifier>
    </Filter>
    <Filter Include="GLCommon\Source Files">
      <UniqueIdentifier>{550e1612-ff6a-4252-80f4-d0002e84b873}</UniqueIdentifier>
    </Filter>
    <Filter Include="GLNvSdi">
      <UniqueIdentifier>{78070c2a-bf80-4eae-9e66-8ad969c8d5ac}</UniqueIdentifier>
    </Filter>
    <Filter Include="GLNvSdi\Source Files">
      <UniqueIdentifier>{8dc638da-7655-4c08-8214-9da8979e73c9}</UniqueIdentifier>
    </Filter>
    <Filter Include="GLNvSdi\Header Files">
      <UniqueIdentifier>{029ffc5e-3a68-4d86-a9b8-6927b16c20f4}</UniqueIdentifier>
    </Filter>
  </ItemGroup>
  <ItemGroup>
    <ClInclude Include="..\src\UnityPlugin\UnityPlugin.h">
      <Filter>UnityPlugin</Filter>
    </ClInclude>
    <ClInclude Include="..\src\GL\glew.h">
      <Filter>GL_GLEW</Filter>
    </ClInclude>
    <ClInclude Include="..\src\GL\glxew.h">
      <Filter>GL_GLEW</Filter>
    </ClInclude>
    <ClInclude Include="..\src\GL\wglew.h">
      <Filter>GL_GLEW</Filter>
    </ClInclude>
    <ClInclude Include="..\src\NvSdiApi\CommandLine.h">
      <Filter>NvSdiApi\Header Files</Filter>
    </ClInclude>
    <ClInclude Include="..\src\NvSdiApi\common.h">
      <Filter>NvSdiApi\Header Files</Filter>
    </ClInclude>
    <ClInclude Include="..\src\NvSdiApi\digits.h">
      <Filter>NvSdiApi\Header Files</Filter>
    </ClInclude>
    <ClInclude Include="..\src\NvSdiApi\fbo.h">
      <Filter>NvSdiApi\Header Files</Filter>
    </ClInclude>
    <ClInclude Include="..\src\NvSdiApi\glExtensions.h">
      <Filter>NvSdiApi\Header Files</Filter>
    </ClInclude>
    <ClInclude Include="..\src\NvSdiApi\nvGPUutil.h">
      <Filter>NvSdiApi\Header Files</Filter>
    </ClInclude>
    <ClInclude Include="..\src\NvSdiApi\nvSDIin.h">
      <Filter>NvSdiApi\Header Files</Filter>
    </ClInclude>
    <ClInclude Include="..\src\NvSdiApi\nvSDIout.h">
      <Filter>NvSdiApi\Header Files</Filter>
    </ClInclude>
    <ClInclude Include="..\src\NvSdiApi\nvSDIutil.h">
      <Filter>NvSdiApi\Header Files</Filter>
    </ClInclude>
    <ClInclude Include="..\src\NvSdiApi\platform.h">
      <Filter>NvSdiApi\Header Files</Filter>
    </ClInclude>
    <ClInclude Include="..\src\NvSdiApi\teapot.h">
      <Filter>NvSdiApi\Header Files</Filter>
    </ClInclude>
    <ClInclude Include="..\src\NvSdiApi\timecode.h">
      <Filter>NvSdiApi\Header Files</Filter>
    </ClInclude>
    <ClInclude Include="..\src\GLCommon\ClockTime.h">
      <Filter>GLCommon\Header Files</Filter>
    </ClInclude>
    <ClInclude Include="..\src\GLCommon\EnumString.h">
      <Filter>GLCommon\Header Files</Filter>
    </ClInclude>
    <ClInclude Include="..\src\GLCommon\Fbo.h">
      <Filter>GLCommon\Header Files</Filter>
    </ClInclude>
    <ClInclude Include="..\src\GLCommon\GLFbo.h">
      <Filter>GLCommon\Header Files</Filter>
    </ClInclude>
    <ClInclude Include="..\src\GLCommon\GLFont.h">
      <Filter>GLCommon\Header Files</Filter>
    </ClInclude>
    <ClInclude Include="..\src\GLCommon\GLTeapot.h">
      <Filter>GLCommon\Header Files</Filter>
    </ClInclude>
    <ClInclude Include="..\src\GLCommon\Logger.h">
      <Filter>GLCommon\Header Files</Filter>
    </ClInclude>
    <ClInclude Include="..\src\GLCommon\OpenGL.h">
      <Filter>GLCommon\Header Files</Filter>
    </ClInclude>
    <ClInclude Include="..\src\GLCommon\Singleton.h">
      <Filter>GLCommon\Header Files</Filter>
    </ClInclude>
    <ClInclude Include="..\src\GLCommon\Texture.h">
      <Filter>GLCommon\Header Files</Filter>
    </ClInclude>
    <ClInclude Include="..\src\GLNvSdi\GLNvSdi.h">
      <Filter>GLNvSdi\Header Files</Filter>
    </ClInclude>
    <ClInclude Include="..\src\GLNvSdi\GLNvSdiCore.h">
      <Filter>GLNvSdi\Header Files</Filter>
    </ClInclude>
    <ClInclude Include="..\src\GLNvSdi\SdiOptions.h">
      <Filter>GLNvSdi\Header Files</Filter>
    </ClInclude>
    <ClInclude Include="..\src\GLNvSdi\SdiPresentFrame.h">
      <Filter>GLNvSdi\Header Files</Filter>
    </ClInclude>
    <ClInclude Include="..\src\GLNvSdi\GLNvSdiInput.h">
      <Filter>GLNvSdi\Header Files</Filter>
    </ClInclude>
  </ItemGroup>
  <ItemGroup>
    <ClCompile Include="..\src\UnityPlugin\UnityPlugin.cpp">
      <Filter>UnityPlugin</Filter>
    </ClCompile>
    <ClCompile Include="..\src\GL\glew.c">
      <Filter>GL_GLEW</Filter>
    </ClCompile>
    <ClCompile Include="..\src\NvSdiApi\Colorbar.cpp">
      <Filter>NvSdiApi\Source Files</Filter>
    </ClCompile>
    <ClCompile Include="..\src\NvSdiApi\CommandLine.cpp">
      <Filter>NvSdiApi\Source Files</Filter>
    </ClCompile>
    <ClCompile Include="..\src\NvSdiApi\Console.cpp">
      <Filter>NvSdiApi\Source Files</Filter>
    </ClCompile>
    <ClCompile Include="..\src\NvSdiApi\digits.cpp">
      <Filter>NvSdiApi\Source Files</Filter>
    </ClCompile>
    <ClCompile Include="..\src\NvSdiApi\glExtensions.cpp">
      <Filter>NvSdiApi\Source Files</Filter>
    </ClCompile>
    <ClCompile Include="..\src\NvSdiApi\nvGPUutil.cpp">
      <Filter>NvSdiApi\Source Files</Filter>
    </ClCompile>
    <ClCompile Include="..\src\NvSdiApi\nvSDIin.cpp">
      <Filter>NvSdiApi\Source Files</Filter>
    </ClCompile>
    <ClCompile Include="..\src\NvSdiApi\nvSDIout.cpp">
      <Filter>NvSdiApi\Source Files</Filter>
    </ClCompile>
    <ClCompile Include="..\src\NvSdiApi\nvSDIutil.cpp">
      <Filter>NvSdiApi\Source Files</Filter>
    </ClCompile>
    <ClCompile Include="..\src\NvSdiApi\platform.cpp">
      <Filter>NvSdiApi\Source Files</Filter>
    </ClCompile>
    <ClCompile Include="..\src\NvSdiApi\timecode.cpp">
      <Filter>NvSdiApi\Source Files</Filter>
    </ClCompile>
    <ClCompile Include="..\src\NvSdiApi\Timer.cpp">
      <Filter>NvSdiApi\Source Files</Filter>
    </ClCompile>
    <ClCompile Include="..\src\GLCommon\ClockTime.cpp">
      <Filter>GLCommon\Source Files</Filter>
    </ClCompile>
    <ClCompile Include="..\src\GLCommon\GLFbo.cpp">
      <Filter>GLCommon\Source Files</Filter>
    </ClCompile>
    <ClCompile Include="..\src\GLCommon\Logger.cpp">
      <Filter>GLCommon\Source Files</Filter>
    </ClCompile>
    <ClCompile Include="..\src\GLNvSdi\GLNvSdi.cpp">
      <Filter>GLNvSdi\Source Files</Filter>
    </ClCompile>
    <ClCompile Include="..\src\GLNvSdi\GLNvSdiInput.cpp">
      <Filter>GLNvSdi\Source Files</Filter>
    </ClCompile>
    <ClCompile Include="..\src\GLNvSdi\GLNvSdiOutput.cpp">
      <Filter>GLNvSdi\Source Files</Filter>
    </ClCompile>
    <ClCompile Include="..\src\GLNvSdi\SdiOptions.cpp">
      <Filter>GLNvSdi\Source Files</Filter>
    </ClCompile>
    <ClCompile Include="..\src\GLNvSdi\SdiPresentFrame.cpp">
      <Filter>GLNvSdi\Source Files</Filter>
    </ClCompile>
  </ItemGroup>
</Project>