<?xml version="1.0" encoding="utf-8"?>
<Project ToolsVersion="4.0" xmlns="http://schemas.microsoft.com/developer/msbuild/2003">
  <ItemGroup>
    <ClCompile Include="..\src\NvSdiApi\glExtensions.cpp">
      <Filter>Source Files</Filter>
    </ClCompile>
    <ClCompile Include="..\src\TestGLNvSdiScreenshot\SdiInSdiInScreenshot.cpp">
      <Filter>Source Files</Filter>
    </ClCompile>
    <ClCompile Include="..\src\TestGLNvSdiScreenshot\TestSdiInSdiInScreenshot.cpp">
      <Filter>Source Files</Filter>
    </ClCompile>
    <ClCompile Include="..\src\NvSdiApi\nvGPUutil.cpp" />
  </ItemGroup>
  <ItemGroup>
    <ClInclude Include="..\src\NvSdiApi\glExtensions.h">
      <Filter>Header Files</Filter>
    </ClInclude>
    <ClInclude Include="..\src\TestGLNvSdiScreenshot\SdiInScreenshot.h">
      <Filter>Header Files</Filter>
    </ClInclude>
    <ClInclude Include="..\src\GLCommon\OpenGL.h">
      <Filter>Common</Filter>
    </ClInclude>
    <ClInclude Include="..\include\Image.h">
      <Filter>Common</Filter>
    </ClInclude>
    <ClInclude Include="..\src\NvSdiApi\nvGPUutil.h" />
  </ItemGroup>
  <ItemGroup>
    <Filter Include="Source Files">
      <UniqueIdentifier>{3debbe13-1b82-40d5-8d0e-cb9a9bcc607c}</UniqueIdentifier>
    </Filter>
    <Filter Include="Header Files">
      <UniqueIdentifier>{21ea5f3d-4137-4b1e-b32c-b45724c154a5}</UniqueIdentifier>
    </Filter>
    <Filter Include="Common">
      <UniqueIdentifier>{44bda8c2-7aae-4bf8-866f-dd867c69e044}</UniqueIdentifier>
    </Filter>
  </ItemGroup>
</Project>